
Microsoft Visual Studio Solution File, Format Version 12.00
# Visual Studio Version 16
VisualStudioVersion = 16.0.31702.278
MinimumVisualStudioVersion = 10.0.40219.1
Project("{FAE04EC0-301F-11D3-BF4B-00C04F79EFBC}") = "Punto_12", "Punto_11\Punto_12.csproj", "{7E0ECBB8-3F65-47F9-B00E-521866BDAAD8}"
EndProject
Global
	GlobalSection(SolutionConfigurationPlatforms) = preSolution
		Debug|Any CPU = Debug|Any CPU
		Release|Any CPU = Release|Any CPU
	EndGlobalSection
	GlobalSection(ProjectConfigurationPlatforms) = postSolution
		{7E0ECBB8-3F65-47F9-B00E-521866BDAAD8}.Debug|Any CPU.ActiveCfg = Debug|Any CPU
		{7E0ECBB8-3F65-47F9-B00E-521866BDAAD8}.Debug|Any CPU.Build.0 = Debug|Any CPU
		{7E0ECBB8-3F65-47F9-B00E-521866BDAAD8}.Release|Any CPU.ActiveCfg = Release|Any CPU
		{7E0ECBB8-3F65-47F9-B00E-521866BDAAD8}.Release|Any CPU.Build.0 = Release|Any CPU
	EndGlobalSection
	GlobalSection(SolutionProperties) = preSolution
		HideSolutionNode = FALSE
	EndGlobalSection
	GlobalSection(ExtensibilityGlobals) = postSolution
		SolutionGuid = {1A811FEA-83FD-4FF7-B167-5A83F410B64C}
	EndGlobalSection
EndGlobal
